<?xml version="1.0" encoding="utf-8"?>
<Project ToolsVersion="4.0" xmlns="http://schemas.microsoft.com/developer/msbuild/2003">
  <ItemGroup>
    <Filter Include="Source Files">
      <UniqueIdentifier>{4FC737F1-C7A5-4376-A066-2A32D752A2FF}</UniqueIdentifier>
      <Extensions>cpp;cxx;c;def</Extensions>
    </Filter>
    <Filter Include="Header Files">
      <UniqueIdentifier>{93995380-89BD-4b04-88EB-625FBE52EBFB}</UniqueIdentifier>
      <Extensions>h</Extensions>
    </Filter>
    <Filter Include="Resource Files">
      <UniqueIdentifier>{D9D6E242-F8AF-46E4-B9FD-80ECBC20BA3E}</UniqueIdentifier>
      <Extensions>qrc;*</Extensions>
      <ParseFiles>false</ParseFiles>
    </Filter>
    <Filter Include="Generated Files">
      <UniqueIdentifier>{71ED8ED8-ACB9-4CE9-BBE1-E00B30144E11}</UniqueIdentifier>
      <Extensions>moc;h;cpp</Extensions>
      <SourceControlFiles>False</SourceControlFiles>
    </Filter>
    <Filter Include="Generated Files\Debug">
      <UniqueIdentifier>{88211afc-066b-40d2-b6b7-a3d1c655ef87}</UniqueIdentifier>
      <Extensions>cpp;moc</Extensions>
      <SourceControlFiles>False</SourceControlFiles>
    </Filter>
    <Filter Include="Generated Files\Release">
      <UniqueIdentifier>{060fabd2-4dcc-4721-8cf9-eab0c10701aa}</UniqueIdentifier>
      <Extensions>cpp;moc</Extensions>
      <SourceControlFiles>False</SourceControlFiles>
    </Filter>
    <Filter Include="JSON Files">
      <UniqueIdentifier>{fe85b019-c957-4737-98c0-4aa38ea4e9a5}</UniqueIdentifier>
    </Filter>
  </ItemGroup>
  <ItemGroup>
    <ClCompile Include="main.cpp">
      <Filter>Source Files</Filter>
    </ClCompile>
    <ClCompile Include="tst_JsonLoader.cpp">
      <Filter>Source Files</Filter>
    </ClCompile>
    <ClCompile Include="tst_JsonScripter.cpp">
      <Filter>Source Files</Filter>
    </ClCompile>
    <ClCompile Include="tst_Object.cpp">
      <Filter>Source Files</Filter>
    </ClCompile>
    <ClCompile Include="tst_Parser.cpp">
      <Filter>Source Files</Filter>
    </ClCompile>
    <ClCompile Include="Test.cpp">
      <Filter>Source Files</Filter>
    </ClCompile>
    <ClCompile Include="GeneratedFiles\Debug\moc_Test.cpp">
      <Filter>Generated Files\Debug</Filter>
    </ClCompile>
    <ClCompile Include="GeneratedFiles\Release\moc_Test.cpp">
      <Filter>Generated Files\Release</Filter>
    </ClCompile>
  </ItemGroup>
  <ItemGroup>
    <CustomBuild Include="Test.h">
      <Filter>Header Files</Filter>
    </CustomBuild>
  </ItemGroup>
  <ItemGroup>
    <None Include="BasicNumerical.json">
      <Filter>JSON Files</Filter>
    </None>
    <None Include="test1.json">
      <Filter>JSON Files</Filter>
    </None>
    <None Include="BasicNumericalFromString.json">
      <Filter>JSON Files</Filter>
    </None>
    <None Include="RegExp.json">
      <Filter>JSON Files</Filter>
    </None>
    <None Include="LoadVariantWithEnumValue.json">
      <Filter>JSON Files</Filter>
    </None>
    <None Include="LoadEnumWithEnumValue.json">
      <Filter>JSON Files</Filter>
    </None>
    <None Include="LoadIntWithEnumValue.json">
      <Filter>JSON Files</Filter>
    </None>
    <None Include="LoadStringWithEnumValue.json">
      <Filter>JSON Files</Filter>
    </None>
    <None Include="ObjectDependency.json">
      <Filter>JSON Files</Filter>
    </None>
    <None Include="BindProperty.json">
      <Filter>JSON Files</Filter>
    </None>
    <None Include="ConnectSignalSlot.json">
      <Filter>JSON Files</Filter>
    </None>
  </ItemGroup>
</Project>